// !$*UTF8*$!
{
	archiveVersion = 1;
	classes = {
	};
	objectVersion = 46;
	objects = {

/* Begin PBXBuildFile section */
		21177CB21C74854C00BD7216 /* ofxXmlSettings.cpp in Sources */ = {isa = PBXBuildFile; fileRef = 21177CAB1C74854C00BD7216 /* ofxXmlSettings.cpp */; };
		21177CB31C74854C00BD7216 /* tinyxml.cpp in Sources */ = {isa = PBXBuildFile; fileRef = 21177CAE1C74854C00BD7216 /* tinyxml.cpp */; };
		21177CB41C74854C00BD7216 /* tinyxmlerror.cpp in Sources */ = {isa = PBXBuildFile; fileRef = 21177CB01C74854C00BD7216 /* tinyxmlerror.cpp */; };
		21177CB51C74854C00BD7216 /* tinyxmlparser.cpp in Sources */ = {isa = PBXBuildFile; fileRef = 21177CB11C74854C00BD7216 /* tinyxmlparser.cpp */; };
		21E725F41C74742C001128FB /* ofxParameterMidiSync.cpp in Sources */ = {isa = PBXBuildFile; fileRef = 21E725F21C74742C001128FB /* ofxParameterMidiSync.cpp */; };
		21E726241C747434001128FB /* ofxRtMidiIn.cpp in Sources */ = {isa = PBXBuildFile; fileRef = 21E725F81C747434001128FB /* ofxRtMidiIn.cpp */; };
		21E726251C747434001128FB /* ofxRtMidiOut.cpp in Sources */ = {isa = PBXBuildFile; fileRef = 21E725FA1C747434001128FB /* ofxRtMidiOut.cpp */; };
		21E726261C747434001128FB /* ofxBaseMidi.cpp in Sources */ = {isa = PBXBuildFile; fileRef = 21E726071C747434001128FB /* ofxBaseMidi.cpp */; };
		21E726271C747434001128FB /* ofxMidi.cpp in Sources */ = {isa = PBXBuildFile; fileRef = 21E726091C747434001128FB /* ofxMidi.cpp */; };
		21E726281C747434001128FB /* ofxMidiIn.cpp in Sources */ = {isa = PBXBuildFile; fileRef = 21E7260C1C747434001128FB /* ofxMidiIn.cpp */; };
		21E726291C747434001128FB /* ofxMidiMessage.cpp in Sources */ = {isa = PBXBuildFile; fileRef = 21E7260E1C747434001128FB /* ofxMidiMessage.cpp */; };
		21E7262A1C747434001128FB /* ofxMidiOut.cpp in Sources */ = {isa = PBXBuildFile; fileRef = 21E726101C747434001128FB /* ofxMidiOut.cpp */; };
		21E7262B1C747434001128FB /* RtMidi.cpp in Sources */ = {isa = PBXBuildFile; fileRef = 21E726201C747434001128FB /* RtMidi.cpp */; };
		21E7262C1C747434001128FB /* CoreMIDI.framework in Frameworks */ = {isa = PBXBuildFile; fileRef = 21E726221C747434001128FB /* CoreMIDI.framework */; };
		21E7262D1C747434001128FB /* CoreMIDI.framework in CopyFiles */ = {isa = PBXBuildFile; fileRef = 21E726221C747434001128FB /* CoreMIDI.framework */; settings = {ATTRIBUTES = (CodeSignOnCopy, RemoveHeadersOnCopy, ); }; };
		E4328149138ABC9F0047C5CB /* openFrameworksDebug.a in Frameworks */ = {isa = PBXBuildFile; fileRef = E4328148138ABC890047C5CB /* openFrameworksDebug.a */; };
		E4B69E200A3A1BDC003C02F2 /* main.cpp in Sources */ = {isa = PBXBuildFile; fileRef = E4B69E1D0A3A1BDC003C02F2 /* main.cpp */; };
		E4B69E210A3A1BDC003C02F2 /* ofApp.cpp in Sources */ = {isa = PBXBuildFile; fileRef = E4B69E1E0A3A1BDC003C02F2 /* ofApp.cpp */; };
		FF9AD9CB1C635DD7006DDB59 /* randomArc.cpp in Sources */ = {isa = PBXBuildFile; fileRef = FF9AD9C71C635DD7006DDB59 /* randomArc.cpp */; };
		FF9AD9CC1C635DD7006DDB59 /* randomLine.cpp in Sources */ = {isa = PBXBuildFile; fileRef = FF9AD9C91C635DD7006DDB59 /* randomLine.cpp */; };
		FF9AD9D11C635E15006DDB59 /* ofxAutoReloadedShader.cpp in Sources */ = {isa = PBXBuildFile; fileRef = FF9AD9CF1C635E15006DDB59 /* ofxAutoReloadedShader.cpp */; };
		FF9ADA1C1C635E4C006DDB59 /* ofxBaseGui.cpp in Sources */ = {isa = PBXBuildFile; fileRef = FF9ADA0B1C635E4C006DDB59 /* ofxBaseGui.cpp */; };
		FF9ADA1D1C635E4C006DDB59 /* ofxButton.cpp in Sources */ = {isa = PBXBuildFile; fileRef = FF9ADA0D1C635E4C006DDB59 /* ofxButton.cpp */; };
		FF9ADA1E1C635E4C006DDB59 /* ofxGuiGroup.cpp in Sources */ = {isa = PBXBuildFile; fileRef = FF9ADA101C635E4C006DDB59 /* ofxGuiGroup.cpp */; };
		FF9ADA1F1C635E4C006DDB59 /* ofxLabel.cpp in Sources */ = {isa = PBXBuildFile; fileRef = FF9ADA121C635E4C006DDB59 /* ofxLabel.cpp */; };
		FF9ADA201C635E4C006DDB59 /* ofxPanel.cpp in Sources */ = {isa = PBXBuildFile; fileRef = FF9ADA141C635E4C006DDB59 /* ofxPanel.cpp */; };
		FF9ADA211C635E4C006DDB59 /* ofxSlider.cpp in Sources */ = {isa = PBXBuildFile; fileRef = FF9ADA161C635E4C006DDB59 /* ofxSlider.cpp */; };
		FF9ADA221C635E4C006DDB59 /* ofxSliderGroup.cpp in Sources */ = {isa = PBXBuildFile; fileRef = FF9ADA181C635E4C006DDB59 /* ofxSliderGroup.cpp */; };
		FF9ADA231C635E4C006DDB59 /* ofxToggle.cpp in Sources */ = {isa = PBXBuildFile; fileRef = FF9ADA1A1C635E4C006DDB59 /* ofxToggle.cpp */; };
		FF9ADA371C635E59006DDB59 /* ofxSyphonClient.mm in Sources */ = {isa = PBXBuildFile; fileRef = FF9ADA281C635E59006DDB59 /* ofxSyphonClient.mm */; };
		FF9ADA381C635E59006DDB59 /* ofxSyphonServer.mm in Sources */ = {isa = PBXBuildFile; fileRef = FF9ADA2A1C635E59006DDB59 /* ofxSyphonServer.mm */; };
		FF9ADA391C635E59006DDB59 /* ofxSyphonServerDirectory.mm in Sources */ = {isa = PBXBuildFile; fileRef = FF9ADA2C1C635E59006DDB59 /* ofxSyphonServerDirectory.mm */; };
		FF9ADA3A1C635E59006DDB59 /* Syphon.framework in Frameworks */ = {isa = PBXBuildFile; fileRef = FF9ADA311C635E59006DDB59 /* Syphon.framework */; };
		FF9ADA3B1C635E59006DDB59 /* Syphon.framework in CopyFiles */ = {isa = PBXBuildFile; fileRef = FF9ADA311C635E59006DDB59 /* Syphon.framework */; settings = {ATTRIBUTES = (CodeSignOnCopy, RemoveHeadersOnCopy, ); }; };
		FF9ADA3C1C635E59006DDB59 /* SyphonNameboundClient.m in Sources */ = {isa = PBXBuildFile; fileRef = FF9ADA341C635E59006DDB59 /* SyphonNameboundClient.m */; };
/* End PBXBuildFile section */

/* Begin PBXContainerItemProxy section */
		E4328147138ABC890047C5CB /* PBXContainerItemProxy */ = {
			isa = PBXContainerItemProxy;
			containerPortal = E4328143138ABC890047C5CB /* openFrameworksLib.xcodeproj */;
			proxyType = 2;
			remoteGlobalIDString = E4B27C1510CBEB8E00536013;
			remoteInfo = openFrameworks;
		};
		E4EEB9AB138B136A00A80321 /* PBXContainerItemProxy */ = {
			isa = PBXContainerItemProxy;
			containerPortal = E4328143138ABC890047C5CB /* openFrameworksLib.xcodeproj */;
			proxyType = 1;
			remoteGlobalIDString = E4B27C1410CBEB8E00536013;
			remoteInfo = openFrameworks;
		};
/* End PBXContainerItemProxy section */

/* Begin PBXCopyFilesBuildPhase section */
		E4C2427710CC5ABF004149E2 /* CopyFiles */ = {
			isa = PBXCopyFilesBuildPhase;
			buildActionMask = 2147483647;
			dstPath = "";
			dstSubfolderSpec = 10;
			files = (
				21E7262D1C747434001128FB /* CoreMIDI.framework in CopyFiles */,
				FF9ADA3B1C635E59006DDB59 /* Syphon.framework in CopyFiles */,
			);
			runOnlyForDeploymentPostprocessing = 0;
		};
/* End PBXCopyFilesBuildPhase section */

/* Begin PBXFileReference section */
		21177CAB1C74854C00BD7216 /* ofxXmlSettings.cpp */ = {isa = PBXFileReference; lastKnownFileType = sourcecode.cpp.cpp; path = ofxXmlSettings.cpp; sourceTree = "<group>"; };
		21177CAC1C74854C00BD7216 /* ofxXmlSettings.h */ = {isa = PBXFileReference; lastKnownFileType = sourcecode.c.h; path = ofxXmlSettings.h; sourceTree = "<group>"; };
		21177CAE1C74854C00BD7216 /* tinyxml.cpp */ = {isa = PBXFileReference; lastKnownFileType = sourcecode.cpp.cpp; path = tinyxml.cpp; sourceTree = "<group>"; };
		21177CAF1C74854C00BD7216 /* tinyxml.h */ = {isa = PBXFileReference; lastKnownFileType = sourcecode.c.h; path = tinyxml.h; sourceTree = "<group>"; };
		21177CB01C74854C00BD7216 /* tinyxmlerror.cpp */ = {isa = PBXFileReference; lastKnownFileType = sourcecode.cpp.cpp; path = tinyxmlerror.cpp; sourceTree = "<group>"; };
		21177CB11C74854C00BD7216 /* tinyxmlparser.cpp */ = {isa = PBXFileReference; lastKnownFileType = sourcecode.cpp.cpp; path = tinyxmlparser.cpp; sourceTree = "<group>"; };
		21E725F21C74742C001128FB /* ofxParameterMidiSync.cpp */ = {isa = PBXFileReference; lastKnownFileType = sourcecode.cpp.cpp; path = ofxParameterMidiSync.cpp; sourceTree = "<group>"; };
		21E725F31C74742C001128FB /* ofxParameterMidiSync.h */ = {isa = PBXFileReference; lastKnownFileType = sourcecode.c.h; path = ofxParameterMidiSync.h; sourceTree = "<group>"; };
		21E725F81C747434001128FB /* ofxRtMidiIn.cpp */ = {isa = PBXFileReference; lastKnownFileType = sourcecode.cpp.cpp; path = ofxRtMidiIn.cpp; sourceTree = "<group>"; };
		21E725F91C747434001128FB /* ofxRtMidiIn.h */ = {isa = PBXFileReference; lastKnownFileType = sourcecode.c.h; path = ofxRtMidiIn.h; sourceTree = "<group>"; };
		21E725FA1C747434001128FB /* ofxRtMidiOut.cpp */ = {isa = PBXFileReference; lastKnownFileType = sourcecode.cpp.cpp; path = ofxRtMidiOut.cpp; sourceTree = "<group>"; };
		21E725FB1C747434001128FB /* ofxRtMidiOut.h */ = {isa = PBXFileReference; lastKnownFileType = sourcecode.c.h; path = ofxRtMidiOut.h; sourceTree = "<group>"; };
		21E726071C747434001128FB /* ofxBaseMidi.cpp */ = {isa = PBXFileReference; lastKnownFileType = sourcecode.cpp.cpp; path = ofxBaseMidi.cpp; sourceTree = "<group>"; };
		21E726081C747434001128FB /* ofxBaseMidi.h */ = {isa = PBXFileReference; lastKnownFileType = sourcecode.c.h; path = ofxBaseMidi.h; sourceTree = "<group>"; };
		21E726091C747434001128FB /* ofxMidi.cpp */ = {isa = PBXFileReference; lastKnownFileType = sourcecode.cpp.cpp; path = ofxMidi.cpp; sourceTree = "<group>"; };
		21E7260A1C747434001128FB /* ofxMidi.h */ = {isa = PBXFileReference; lastKnownFileType = sourcecode.c.h; path = ofxMidi.h; sourceTree = "<group>"; };
		21E7260B1C747434001128FB /* ofxMidiConstants.h */ = {isa = PBXFileReference; lastKnownFileType = sourcecode.c.h; path = ofxMidiConstants.h; sourceTree = "<group>"; };
		21E7260C1C747434001128FB /* ofxMidiIn.cpp */ = {isa = PBXFileReference; lastKnownFileType = sourcecode.cpp.cpp; path = ofxMidiIn.cpp; sourceTree = "<group>"; };
		21E7260D1C747434001128FB /* ofxMidiIn.h */ = {isa = PBXFileReference; lastKnownFileType = sourcecode.c.h; path = ofxMidiIn.h; sourceTree = "<group>"; };
		21E7260E1C747434001128FB /* ofxMidiMessage.cpp */ = {isa = PBXFileReference; lastKnownFileType = sourcecode.cpp.cpp; path = ofxMidiMessage.cpp; sourceTree = "<group>"; };
		21E7260F1C747434001128FB /* ofxMidiMessage.h */ = {isa = PBXFileReference; lastKnownFileType = sourcecode.c.h; path = ofxMidiMessage.h; sourceTree = "<group>"; };
		21E726101C747434001128FB /* ofxMidiOut.cpp */ = {isa = PBXFileReference; lastKnownFileType = sourcecode.cpp.cpp; path = ofxMidiOut.cpp; sourceTree = "<group>"; };
		21E726111C747434001128FB /* ofxMidiOut.h */ = {isa = PBXFileReference; lastKnownFileType = sourcecode.c.h; path = ofxMidiOut.h; sourceTree = "<group>"; };
		21E726121C747434001128FB /* ofxMidiTypes.h */ = {isa = PBXFileReference; lastKnownFileType = sourcecode.c.h; path = ofxMidiTypes.h; sourceTree = "<group>"; };
		21E7261F1C747434001128FB /* readme */ = {isa = PBXFileReference; lastKnownFileType = text; path = readme; sourceTree = "<group>"; };
		21E726201C747434001128FB /* RtMidi.cpp */ = {isa = PBXFileReference; lastKnownFileType = sourcecode.cpp.cpp; path = RtMidi.cpp; sourceTree = "<group>"; };
		21E726211C747434001128FB /* RtMidi.h */ = {isa = PBXFileReference; lastKnownFileType = sourcecode.c.h; path = RtMidi.h; sourceTree = "<group>"; };
		21E726221C747434001128FB /* CoreMIDI.framework */ = {isa = PBXFileReference; lastKnownFileType = wrapper.framework; name = CoreMIDI.framework; path = ../../../../../../../System/Library/Frameworks/CoreMIDI.framework; sourceTree = "<group>"; };
		E4328143138ABC890047C5CB /* openFrameworksLib.xcodeproj */ = {isa = PBXFileReference; lastKnownFileType = "wrapper.pb-project"; name = openFrameworksLib.xcodeproj; path = ../../../libs/openFrameworksCompiled/project/osx/openFrameworksLib.xcodeproj; sourceTree = SOURCE_ROOT; };
		E4B69B5B0A3A1756003C02F2 /* GenerativeVisualsDebug.app */ = {isa = PBXFileReference; explicitFileType = wrapper.application; includeInIndex = 0; path = GenerativeVisualsDebug.app; sourceTree = BUILT_PRODUCTS_DIR; };
		E4B69E1D0A3A1BDC003C02F2 /* main.cpp */ = {isa = PBXFileReference; fileEncoding = 30; lastKnownFileType = sourcecode.cpp.cpp; name = main.cpp; path = src/main.cpp; sourceTree = SOURCE_ROOT; };
		E4B69E1E0A3A1BDC003C02F2 /* ofApp.cpp */ = {isa = PBXFileReference; explicitFileType = sourcecode.cpp.cpp; fileEncoding = 30; name = ofApp.cpp; path = src/ofApp.cpp; sourceTree = SOURCE_ROOT; };
		E4B69E1F0A3A1BDC003C02F2 /* ofApp.h */ = {isa = PBXFileReference; fileEncoding = 30; lastKnownFileType = sourcecode.c.h; name = ofApp.h; path = src/ofApp.h; sourceTree = SOURCE_ROOT; };
		E4B6FCAD0C3E899E008CF71C /* openFrameworks-Info.plist */ = {isa = PBXFileReference; fileEncoding = 30; lastKnownFileType = text.plist.xml; path = "openFrameworks-Info.plist"; sourceTree = "<group>"; };
		E4EB691F138AFCF100A09F29 /* CoreOF.xcconfig */ = {isa = PBXFileReference; fileEncoding = 4; lastKnownFileType = text.xcconfig; name = CoreOF.xcconfig; path = ../../../libs/openFrameworksCompiled/project/osx/CoreOF.xcconfig; sourceTree = SOURCE_ROOT; };
		E4EB6923138AFD0F00A09F29 /* Project.xcconfig */ = {isa = PBXFileReference; fileEncoding = 4; lastKnownFileType = text.xcconfig; path = Project.xcconfig; sourceTree = "<group>"; };
		FF9AD9C61C635DD7006DDB59 /* defines.h */ = {isa = PBXFileReference; fileEncoding = 4; lastKnownFileType = sourcecode.c.h; path = defines.h; sourceTree = "<group>"; };
		FF9AD9C71C635DD7006DDB59 /* randomArc.cpp */ = {isa = PBXFileReference; fileEncoding = 4; lastKnownFileType = sourcecode.cpp.cpp; path = randomArc.cpp; sourceTree = "<group>"; };
		FF9AD9C81C635DD7006DDB59 /* randomArc.h */ = {isa = PBXFileReference; fileEncoding = 4; lastKnownFileType = sourcecode.c.h; path = randomArc.h; sourceTree = "<group>"; };
		FF9AD9C91C635DD7006DDB59 /* randomLine.cpp */ = {isa = PBXFileReference; fileEncoding = 4; lastKnownFileType = sourcecode.cpp.cpp; path = randomLine.cpp; sourceTree = "<group>"; };
		FF9AD9CA1C635DD7006DDB59 /* randomLine.h */ = {isa = PBXFileReference; fileEncoding = 4; lastKnownFileType = sourcecode.c.h; path = randomLine.h; sourceTree = "<group>"; };
		FF9AD9CF1C635E15006DDB59 /* ofxAutoReloadedShader.cpp */ = {isa = PBXFileReference; lastKnownFileType = sourcecode.cpp.cpp; path = ofxAutoReloadedShader.cpp; sourceTree = "<group>"; };
		FF9AD9D01C635E15006DDB59 /* ofxAutoReloadedShader.h */ = {isa = PBXFileReference; lastKnownFileType = sourcecode.c.h; path = ofxAutoReloadedShader.h; sourceTree = "<group>"; };
		FF9ADA0B1C635E4C006DDB59 /* ofxBaseGui.cpp */ = {isa = PBXFileReference; lastKnownFileType = sourcecode.cpp.cpp; path = ofxBaseGui.cpp; sourceTree = "<group>"; };
		FF9ADA0C1C635E4C006DDB59 /* ofxBaseGui.h */ = {isa = PBXFileReference; lastKnownFileType = sourcecode.c.h; path = ofxBaseGui.h; sourceTree = "<group>"; };
		FF9ADA0D1C635E4C006DDB59 /* ofxButton.cpp */ = {isa = PBXFileReference; lastKnownFileType = sourcecode.cpp.cpp; path = ofxButton.cpp; sourceTree = "<group>"; };
		FF9ADA0E1C635E4C006DDB59 /* ofxButton.h */ = {isa = PBXFileReference; lastKnownFileType = sourcecode.c.h; path = ofxButton.h; sourceTree = "<group>"; };
		FF9ADA0F1C635E4C006DDB59 /* ofxGui.h */ = {isa = PBXFileReference; lastKnownFileType = sourcecode.c.h; path = ofxGui.h; sourceTree = "<group>"; };
		FF9ADA101C635E4C006DDB59 /* ofxGuiGroup.cpp */ = {isa = PBXFileReference; lastKnownFileType = sourcecode.cpp.cpp; path = ofxGuiGroup.cpp; sourceTree = "<group>"; };
		FF9ADA111C635E4C006DDB59 /* ofxGuiGroup.h */ = {isa = PBXFileReference; lastKnownFileType = sourcecode.c.h; path = ofxGuiGroup.h; sourceTree = "<group>"; };
		FF9ADA121C635E4C006DDB59 /* ofxLabel.cpp */ = {isa = PBXFileReference; lastKnownFileType = sourcecode.cpp.cpp; path = ofxLabel.cpp; sourceTree = "<group>"; };
		FF9ADA131C635E4C006DDB59 /* ofxLabel.h */ = {isa = PBXFileReference; lastKnownFileType = sourcecode.c.h; path = ofxLabel.h; sourceTree = "<group>"; };
		FF9ADA141C635E4C006DDB59 /* ofxPanel.cpp */ = {isa = PBXFileReference; lastKnownFileType = sourcecode.cpp.cpp; path = ofxPanel.cpp; sourceTree = "<group>"; };
		FF9ADA151C635E4C006DDB59 /* ofxPanel.h */ = {isa = PBXFileReference; lastKnownFileType = sourcecode.c.h; path = ofxPanel.h; sourceTree = "<group>"; };
		FF9ADA161C635E4C006DDB59 /* ofxSlider.cpp */ = {isa = PBXFileReference; lastKnownFileType = sourcecode.cpp.cpp; path = ofxSlider.cpp; sourceTree = "<group>"; };
		FF9ADA171C635E4C006DDB59 /* ofxSlider.h */ = {isa = PBXFileReference; lastKnownFileType = sourcecode.c.h; path = ofxSlider.h; sourceTree = "<group>"; };
		FF9ADA181C635E4C006DDB59 /* ofxSliderGroup.cpp */ = {isa = PBXFileReference; lastKnownFileType = sourcecode.cpp.cpp; path = ofxSliderGroup.cpp; sourceTree = "<group>"; };
		FF9ADA191C635E4C006DDB59 /* ofxSliderGroup.h */ = {isa = PBXFileReference; lastKnownFileType = sourcecode.c.h; path = ofxSliderGroup.h; sourceTree = "<group>"; };
		FF9ADA1A1C635E4C006DDB59 /* ofxToggle.cpp */ = {isa = PBXFileReference; lastKnownFileType = sourcecode.cpp.cpp; path = ofxToggle.cpp; sourceTree = "<group>"; };
		FF9ADA1B1C635E4C006DDB59 /* ofxToggle.h */ = {isa = PBXFileReference; lastKnownFileType = sourcecode.c.h; path = ofxToggle.h; sourceTree = "<group>"; };
		FF9ADA261C635E59006DDB59 /* ofxSyphon.h */ = {isa = PBXFileReference; lastKnownFileType = sourcecode.c.h; path = ofxSyphon.h; sourceTree = "<group>"; };
		FF9ADA271C635E59006DDB59 /* ofxSyphonClient.h */ = {isa = PBXFileReference; lastKnownFileType = sourcecode.c.h; path = ofxSyphonClient.h; sourceTree = "<group>"; };
		FF9ADA281C635E59006DDB59 /* ofxSyphonClient.mm */ = {isa = PBXFileReference; lastKnownFileType = sourcecode.cpp.objcpp; path = ofxSyphonClient.mm; sourceTree = "<group>"; };
		FF9ADA291C635E59006DDB59 /* ofxSyphonServer.h */ = {isa = PBXFileReference; lastKnownFileType = sourcecode.c.h; path = ofxSyphonServer.h; sourceTree = "<group>"; };
		FF9ADA2A1C635E59006DDB59 /* ofxSyphonServer.mm */ = {isa = PBXFileReference; lastKnownFileType = sourcecode.cpp.objcpp; path = ofxSyphonServer.mm; sourceTree = "<group>"; };
		FF9ADA2B1C635E59006DDB59 /* ofxSyphonServerDirectory.h */ = {isa = PBXFileReference; lastKnownFileType = sourcecode.c.h; path = ofxSyphonServerDirectory.h; sourceTree = "<group>"; };
		FF9ADA2C1C635E59006DDB59 /* ofxSyphonServerDirectory.mm */ = {isa = PBXFileReference; lastKnownFileType = sourcecode.cpp.objcpp; path = ofxSyphonServerDirectory.mm; sourceTree = "<group>"; };
		FF9ADA311C635E59006DDB59 /* Syphon.framework */ = {isa = PBXFileReference; lastKnownFileType = wrapper.framework; path = Syphon.framework; sourceTree = "<group>"; };
		FF9ADA331C635E59006DDB59 /* SyphonNameboundClient.h */ = {isa = PBXFileReference; lastKnownFileType = sourcecode.c.h; path = SyphonNameboundClient.h; sourceTree = "<group>"; };
		FF9ADA341C635E59006DDB59 /* SyphonNameboundClient.m */ = {isa = PBXFileReference; lastKnownFileType = sourcecode.c.objc; path = SyphonNameboundClient.m; sourceTree = "<group>"; };
/* End PBXFileReference section */

/* Begin PBXFrameworksBuildPhase section */
		E4B69B590A3A1756003C02F2 /* Frameworks */ = {
			isa = PBXFrameworksBuildPhase;
			buildActionMask = 2147483647;
			files = (
				E4328149138ABC9F0047C5CB /* openFrameworksDebug.a in Frameworks */,
				21E7262C1C747434001128FB /* CoreMIDI.framework in Frameworks */,
				FF9ADA3A1C635E59006DDB59 /* Syphon.framework in Frameworks */,
			);
			runOnlyForDeploymentPostprocessing = 0;
		};
/* End PBXFrameworksBuildPhase section */

/* Begin PBXGroup section */
		21177CA91C74854C00BD7216 /* ofxXmlSettings */ = {
			isa = PBXGroup;
			children = (
				21177CAA1C74854C00BD7216 /* src */,
				21177CAD1C74854C00BD7216 /* libs */,
			);
			name = ofxXmlSettings;
			sourceTree = "<group>";
		};
		21177CAA1C74854C00BD7216 /* src */ = {
			isa = PBXGroup;
			children = (
				21177CAB1C74854C00BD7216 /* ofxXmlSettings.cpp */,
				21177CAC1C74854C00BD7216 /* ofxXmlSettings.h */,
			);
			name = src;
			path = ../../../addons/ofxXmlSettings/src;
			sourceTree = "<group>";
		};
		21177CAD1C74854C00BD7216 /* libs */ = {
			isa = PBXGroup;
			children = (
				21177CAE1C74854C00BD7216 /* tinyxml.cpp */,
				21177CAF1C74854C00BD7216 /* tinyxml.h */,
				21177CB01C74854C00BD7216 /* tinyxmlerror.cpp */,
				21177CB11C74854C00BD7216 /* tinyxmlparser.cpp */,
			);
			name = libs;
			path = ../../../addons/ofxXmlSettings/libs;
			sourceTree = "<group>";
		};
		21E725F01C74742C001128FB /* ofxParameterMidiSync */ = {
			isa = PBXGroup;
			children = (
				21E725F11C74742C001128FB /* src */,
			);
			name = ofxParameterMidiSync;
			sourceTree = "<group>";
		};
		21E725F11C74742C001128FB /* src */ = {
			isa = PBXGroup;
			children = (
				21E725F21C74742C001128FB /* ofxParameterMidiSync.cpp */,
				21E725F31C74742C001128FB /* ofxParameterMidiSync.h */,
			);
			name = src;
			path = ../../../addons/ofxParameterMidiSync/src;
			sourceTree = "<group>";
		};
		21E725F51C747434001128FB /* ofxMidi */ = {
			isa = PBXGroup;
			children = (
				21E725F61C747434001128FB /* src */,
				21E726131C747434001128FB /* libs */,
				21E726221C747434001128FB /* CoreMIDI.framework */,
			);
			name = ofxMidi;
			sourceTree = "<group>";
		};
		21E725F61C747434001128FB /* src */ = {
			isa = PBXGroup;
			children = (
				21E725F71C747434001128FB /* desktop */,
				21E726071C747434001128FB /* ofxBaseMidi.cpp */,
				21E726081C747434001128FB /* ofxBaseMidi.h */,
				21E726091C747434001128FB /* ofxMidi.cpp */,
				21E7260A1C747434001128FB /* ofxMidi.h */,
				21E7260B1C747434001128FB /* ofxMidiConstants.h */,
				21E7260C1C747434001128FB /* ofxMidiIn.cpp */,
				21E7260D1C747434001128FB /* ofxMidiIn.h */,
				21E7260E1C747434001128FB /* ofxMidiMessage.cpp */,
				21E7260F1C747434001128FB /* ofxMidiMessage.h */,
				21E726101C747434001128FB /* ofxMidiOut.cpp */,
				21E726111C747434001128FB /* ofxMidiOut.h */,
				21E726121C747434001128FB /* ofxMidiTypes.h */,
			);
			name = src;
			path = ../../../addons/ofxMidi/src;
			sourceTree = "<group>";
		};
		21E725F71C747434001128FB /* desktop */ = {
			isa = PBXGroup;
			children = (
				21E725F81C747434001128FB /* ofxRtMidiIn.cpp */,
				21E725F91C747434001128FB /* ofxRtMidiIn.h */,
				21E725FA1C747434001128FB /* ofxRtMidiOut.cpp */,
				21E725FB1C747434001128FB /* ofxRtMidiOut.h */,
			);
			path = desktop;
			sourceTree = "<group>";
		};
		21E726131C747434001128FB /* libs */ = {
			isa = PBXGroup;
			children = (
				21E7261E1C747434001128FB /* rtmidi */,
			);
			name = libs;
			path = ../../../addons/ofxMidi/libs;
			sourceTree = "<group>";
		};
		21E7261E1C747434001128FB /* rtmidi */ = {
			isa = PBXGroup;
			children = (
				21E7261F1C747434001128FB /* readme */,
				21E726201C747434001128FB /* RtMidi.cpp */,
				21E726211C747434001128FB /* RtMidi.h */,
			);
			path = rtmidi;
			sourceTree = "<group>";
		};
		6948EE371B920CB800B5AC1A /* local_addons */ = {
			isa = PBXGroup;
			children = (
			);
			name = local_addons;
			sourceTree = "<group>";
		};
		BB4B014C10F69532006C3DED /* addons */ = {
			isa = PBXGroup;
			children = (
				FF9AD9CD1C635E15006DDB59 /* ofxAutoReloadedShader */,
				FF9ADA091C635E4C006DDB59 /* ofxGui */,
				FF9ADA241C635E59006DDB59 /* ofxSyphon */,
				21E725F01C74742C001128FB /* ofxParameterMidiSync */,
				21E725F51C747434001128FB /* ofxMidi */,
				21177CA91C74854C00BD7216 /* ofxXmlSettings */,
			);
			name = addons;
			sourceTree = "<group>";
		};
		E4328144138ABC890047C5CB /* Products */ = {
			isa = PBXGroup;
			children = (
				E4328148138ABC890047C5CB /* openFrameworksDebug.a */,
			);
			name = Products;
			sourceTree = "<group>";
		};
		E4B69B4A0A3A1720003C02F2 = {
			isa = PBXGroup;
			children = (
				E4B6FCAD0C3E899E008CF71C /* openFrameworks-Info.plist */,
				E4EB6923138AFD0F00A09F29 /* Project.xcconfig */,
				E4B69E1C0A3A1BDC003C02F2 /* src */,
				E4EEC9E9138DF44700A80321 /* openFrameworks */,
				BB4B014C10F69532006C3DED /* addons */,
				6948EE371B920CB800B5AC1A /* local_addons */,
				E4B69B5B0A3A1756003C02F2 /* GenerativeVisualsDebug.app */,
			);
			sourceTree = "<group>";
		};
		E4B69E1C0A3A1BDC003C02F2 /* src */ = {
			isa = PBXGroup;
			children = (
				FF9AD9C61C635DD7006DDB59 /* defines.h */,
				E4B69E1D0A3A1BDC003C02F2 /* main.cpp */,
				E4B69E1E0A3A1BDC003C02F2 /* ofApp.cpp */,
				E4B69E1F0A3A1BDC003C02F2 /* ofApp.h */,
				FF9AD9C71C635DD7006DDB59 /* randomArc.cpp */,
				FF9AD9C81C635DD7006DDB59 /* randomArc.h */,
				FF9AD9C91C635DD7006DDB59 /* randomLine.cpp */,
				FF9AD9CA1C635DD7006DDB59 /* randomLine.h */,
			);
			path = src;
			sourceTree = SOURCE_ROOT;
		};
		E4EEC9E9138DF44700A80321 /* openFrameworks */ = {
			isa = PBXGroup;
			children = (
				E4EB691F138AFCF100A09F29 /* CoreOF.xcconfig */,
				E4328143138ABC890047C5CB /* openFrameworksLib.xcodeproj */,
			);
			name = openFrameworks;
			sourceTree = "<group>";
		};
		FF9AD9CD1C635E15006DDB59 /* ofxAutoReloadedShader */ = {
			isa = PBXGroup;
			children = (
				FF9AD9CE1C635E15006DDB59 /* src */,
			);
			name = ofxAutoReloadedShader;
			sourceTree = "<group>";
		};
		FF9AD9CE1C635E15006DDB59 /* src */ = {
			isa = PBXGroup;
			children = (
				FF9AD9CF1C635E15006DDB59 /* ofxAutoReloadedShader.cpp */,
				FF9AD9D01C635E15006DDB59 /* ofxAutoReloadedShader.h */,
			);
			name = src;
			path = ../../../addons/ofxAutoReloadedShader/src;
			sourceTree = "<group>";
		};
		FF9ADA091C635E4C006DDB59 /* ofxGui */ = {
			isa = PBXGroup;
			children = (
				FF9ADA0A1C635E4C006DDB59 /* src */,
			);
			name = ofxGui;
			sourceTree = "<group>";
		};
		FF9ADA0A1C635E4C006DDB59 /* src */ = {
			isa = PBXGroup;
			children = (
				FF9ADA0B1C635E4C006DDB59 /* ofxBaseGui.cpp */,
				FF9ADA0C1C635E4C006DDB59 /* ofxBaseGui.h */,
				FF9ADA0D1C635E4C006DDB59 /* ofxButton.cpp */,
				FF9ADA0E1C635E4C006DDB59 /* ofxButton.h */,
				FF9ADA0F1C635E4C006DDB59 /* ofxGui.h */,
				FF9ADA101C635E4C006DDB59 /* ofxGuiGroup.cpp */,
				FF9ADA111C635E4C006DDB59 /* ofxGuiGroup.h */,
				FF9ADA121C635E4C006DDB59 /* ofxLabel.cpp */,
				FF9ADA131C635E4C006DDB59 /* ofxLabel.h */,
				FF9ADA141C635E4C006DDB59 /* ofxPanel.cpp */,
				FF9ADA151C635E4C006DDB59 /* ofxPanel.h */,
				FF9ADA161C635E4C006DDB59 /* ofxSlider.cpp */,
				FF9ADA171C635E4C006DDB59 /* ofxSlider.h */,
				FF9ADA181C635E4C006DDB59 /* ofxSliderGroup.cpp */,
				FF9ADA191C635E4C006DDB59 /* ofxSliderGroup.h */,
				FF9ADA1A1C635E4C006DDB59 /* ofxToggle.cpp */,
				FF9ADA1B1C635E4C006DDB59 /* ofxToggle.h */,
			);
			name = src;
			path = ../../../addons/ofxGui/src;
			sourceTree = "<group>";
		};
		FF9ADA241C635E59006DDB59 /* ofxSyphon */ = {
			isa = PBXGroup;
			children = (
				FF9ADA251C635E59006DDB59 /* src */,
				FF9ADA2D1C635E59006DDB59 /* libs */,
			);
			name = ofxSyphon;
			sourceTree = "<group>";
		};
		FF9ADA251C635E59006DDB59 /* src */ = {
			isa = PBXGroup;
			children = (
				FF9ADA261C635E59006DDB59 /* ofxSyphon.h */,
				FF9ADA271C635E59006DDB59 /* ofxSyphonClient.h */,
				FF9ADA281C635E59006DDB59 /* ofxSyphonClient.mm */,
				FF9ADA291C635E59006DDB59 /* ofxSyphonServer.h */,
				FF9ADA2A1C635E59006DDB59 /* ofxSyphonServer.mm */,
				FF9ADA2B1C635E59006DDB59 /* ofxSyphonServerDirectory.h */,
				FF9ADA2C1C635E59006DDB59 /* ofxSyphonServerDirectory.mm */,
			);
			name = src;
			path = ../../../addons/ofxSyphon/src;
			sourceTree = "<group>";
		};
		FF9ADA2D1C635E59006DDB59 /* libs */ = {
			isa = PBXGroup;
			children = (
				FF9ADA2E1C635E59006DDB59 /* Syphon */,
			);
			name = libs;
			path = ../../../addons/ofxSyphon/libs;
			sourceTree = "<group>";
		};
		FF9ADA2E1C635E59006DDB59 /* Syphon */ = {
			isa = PBXGroup;
			children = (
				FF9ADA2F1C635E59006DDB59 /* lib */,
				FF9ADA321C635E59006DDB59 /* src */,
			);
			path = Syphon;
			sourceTree = "<group>";
		};
		FF9ADA2F1C635E59006DDB59 /* lib */ = {
			isa = PBXGroup;
			children = (
				FF9ADA301C635E59006DDB59 /* osx */,
			);
			path = lib;
			sourceTree = "<group>";
		};
		FF9ADA301C635E59006DDB59 /* osx */ = {
			isa = PBXGroup;
			children = (
				FF9ADA311C635E59006DDB59 /* Syphon.framework */,
			);
			path = osx;
			sourceTree = "<group>";
		};
		FF9ADA321C635E59006DDB59 /* src */ = {
			isa = PBXGroup;
			children = (
				FF9ADA331C635E59006DDB59 /* SyphonNameboundClient.h */,
				FF9ADA341C635E59006DDB59 /* SyphonNameboundClient.m */,
			);
			path = src;
			sourceTree = "<group>";
		};
/* End PBXGroup section */

/* Begin PBXNativeTarget section */
		E4B69B5A0A3A1756003C02F2 /* GenerativeVisuals */ = {
			isa = PBXNativeTarget;
			buildConfigurationList = E4B69B5F0A3A1757003C02F2 /* Build configuration list for PBXNativeTarget "GenerativeVisuals" */;
			buildPhases = (
				E4B69B580A3A1756003C02F2 /* Sources */,
				E4B69B590A3A1756003C02F2 /* Frameworks */,
				E4B6FFFD0C3F9AB9008CF71C /* ShellScript */,
				E4C2427710CC5ABF004149E2 /* CopyFiles */,
			);
			buildRules = (
			);
			dependencies = (
				E4EEB9AC138B136A00A80321 /* PBXTargetDependency */,
			);
			name = GenerativeVisuals;
			productName = myOFApp;
			productReference = E4B69B5B0A3A1756003C02F2 /* GenerativeVisualsDebug.app */;
			productType = "com.apple.product-type.application";
		};
/* End PBXNativeTarget section */

/* Begin PBXProject section */
		E4B69B4C0A3A1720003C02F2 /* Project object */ = {
			isa = PBXProject;
			attributes = {
				LastUpgradeCheck = 0600;
			};
			buildConfigurationList = E4B69B4D0A3A1720003C02F2 /* Build configuration list for PBXProject "GenerativeVisuals" */;
			compatibilityVersion = "Xcode 3.2";
			developmentRegion = English;
			hasScannedForEncodings = 0;
			knownRegions = (
				English,
				Japanese,
				French,
				German,
			);
			mainGroup = E4B69B4A0A3A1720003C02F2;
			productRefGroup = E4B69B4A0A3A1720003C02F2;
			projectDirPath = "";
			projectReferences = (
				{
					ProductGroup = E4328144138ABC890047C5CB /* Products */;
					ProjectRef = E4328143138ABC890047C5CB /* openFrameworksLib.xcodeproj */;
				},
			);
			projectRoot = "";
			targets = (
				E4B69B5A0A3A1756003C02F2 /* GenerativeVisuals */,
			);
		};
/* End PBXProject section */

/* Begin PBXReferenceProxy section */
		E4328148138ABC890047C5CB /* openFrameworksDebug.a */ = {
			isa = PBXReferenceProxy;
			fileType = archive.ar;
			path = openFrameworksDebug.a;
			remoteRef = E4328147138ABC890047C5CB /* PBXContainerItemProxy */;
			sourceTree = BUILT_PRODUCTS_DIR;
		};
/* End PBXReferenceProxy section */

/* Begin PBXShellScriptBuildPhase section */
		E4B6FFFD0C3F9AB9008CF71C /* ShellScript */ = {
			isa = PBXShellScriptBuildPhase;
			buildActionMask = 2147483647;
			files = (
			);
			inputPaths = (
			);
			outputPaths = (
			);
			runOnlyForDeploymentPostprocessing = 0;
			shellPath = /bin/sh;
			shellScript = "rsync -aved ../../../libs/fmodex/lib/osx/libfmodex.dylib \"$TARGET_BUILD_DIR/$PRODUCT_NAME.app/Contents/MacOS/\"; install_name_tool -change ./libfmodex.dylib @executable_path/libfmodex.dylib \"$TARGET_BUILD_DIR/$PRODUCT_NAME.app/Contents/MacOS/$PRODUCT_NAME\";\nmkdir -p \"$TARGET_BUILD_DIR/$PRODUCT_NAME.app/Contents/Resources/\"\nrsync -aved \"$ICON_FILE\" \"$TARGET_BUILD_DIR/$PRODUCT_NAME.app/Contents/Resources/\"\nrsync -aved ../../../libs/glut/lib/osx/GLUT.framework \"$TARGET_BUILD_DIR/$PRODUCT_NAME.app/Contents/Frameworks/\"\n";
		};
/* End PBXShellScriptBuildPhase section */

/* Begin PBXSourcesBuildPhase section */
		E4B69B580A3A1756003C02F2 /* Sources */ = {
			isa = PBXSourcesBuildPhase;
			buildActionMask = 2147483647;
			files = (
				21177CB21C74854C00BD7216 /* ofxXmlSettings.cpp in Sources */,
				21E726241C747434001128FB /* ofxRtMidiIn.cpp in Sources */,
				FF9ADA391C635E59006DDB59 /* ofxSyphonServerDirectory.mm in Sources */,
				21177CB41C74854C00BD7216 /* tinyxmlerror.cpp in Sources */,
				21E726271C747434001128FB /* ofxMidi.cpp in Sources */,
				FF9ADA3C1C635E59006DDB59 /* SyphonNameboundClient.m in Sources */,
				21E726291C747434001128FB /* ofxMidiMessage.cpp in Sources */,
				FF9ADA1C1C635E4C006DDB59 /* ofxBaseGui.cpp in Sources */,
				FF9AD9CC1C635DD7006DDB59 /* randomLine.cpp in Sources */,
				21E726281C747434001128FB /* ofxMidiIn.cpp in Sources */,
				FF9AD9CB1C635DD7006DDB59 /* randomArc.cpp in Sources */,
				FF9AD9D11C635E15006DDB59 /* ofxAutoReloadedShader.cpp in Sources */,
				FF9ADA371C635E59006DDB59 /* ofxSyphonClient.mm in Sources */,
				21E726251C747434001128FB /* ofxRtMidiOut.cpp in Sources */,
				21E7262A1C747434001128FB /* ofxMidiOut.cpp in Sources */,
				FF9ADA231C635E4C006DDB59 /* ofxToggle.cpp in Sources */,
				FF9ADA1D1C635E4C006DDB59 /* ofxButton.cpp in Sources */,
				E4B69E200A3A1BDC003C02F2 /* main.cpp in Sources */,
				FF9ADA221C635E4C006DDB59 /* ofxSliderGroup.cpp in Sources */,
				FF9ADA201C635E4C006DDB59 /* ofxPanel.cpp in Sources */,
				FF9ADA211C635E4C006DDB59 /* ofxSlider.cpp in Sources */,
				21E725F41C74742C001128FB /* ofxParameterMidiSync.cpp in Sources */,
				21E726261C747434001128FB /* ofxBaseMidi.cpp in Sources */,
				FF9ADA1F1C635E4C006DDB59 /* ofxLabel.cpp in Sources */,
				21E7262B1C747434001128FB /* RtMidi.cpp in Sources */,
				FF9ADA381C635E59006DDB59 /* ofxSyphonServer.mm in Sources */,
				21177CB31C74854C00BD7216 /* tinyxml.cpp in Sources */,
				E4B69E210A3A1BDC003C02F2 /* ofApp.cpp in Sources */,
				21177CB51C74854C00BD7216 /* tinyxmlparser.cpp in Sources */,
				FF9ADA1E1C635E4C006DDB59 /* ofxGuiGroup.cpp in Sources */,
			);
			runOnlyForDeploymentPostprocessing = 0;
		};
/* End PBXSourcesBuildPhase section */

/* Begin PBXTargetDependency section */
		E4EEB9AC138B136A00A80321 /* PBXTargetDependency */ = {
			isa = PBXTargetDependency;
			name = openFrameworks;
			targetProxy = E4EEB9AB138B136A00A80321 /* PBXContainerItemProxy */;
		};
/* End PBXTargetDependency section */

/* Begin XCBuildConfiguration section */
		E4B69B4E0A3A1720003C02F2 /* Debug */ = {
			isa = XCBuildConfiguration;
			baseConfigurationReference = E4EB6923138AFD0F00A09F29 /* Project.xcconfig */;
			buildSettings = {
				CONFIGURATION_BUILD_DIR = "$(SRCROOT)/bin/";
				COPY_PHASE_STRIP = NO;
				DEAD_CODE_STRIPPING = YES;
				GCC_AUTO_VECTORIZATION = YES;
				GCC_ENABLE_SSE3_EXTENSIONS = YES;
				GCC_ENABLE_SUPPLEMENTAL_SSE3_INSTRUCTIONS = YES;
				GCC_INLINES_ARE_PRIVATE_EXTERN = NO;
				GCC_OPTIMIZATION_LEVEL = 0;
				GCC_SYMBOLS_PRIVATE_EXTERN = NO;
				GCC_WARN_ABOUT_DEPRECATED_FUNCTIONS = YES;
				GCC_WARN_ABOUT_INVALID_OFFSETOF_MACRO = NO;
				GCC_WARN_ALLOW_INCOMPLETE_PROTOCOL = NO;
				GCC_WARN_UNINITIALIZED_AUTOS = NO;
				GCC_WARN_UNUSED_VALUE = NO;
				GCC_WARN_UNUSED_VARIABLE = NO;
				HEADER_SEARCH_PATHS = (
					"$(OF_CORE_HEADERS)",
					src,
				);
				MACOSX_DEPLOYMENT_TARGET = 10.8;
				ONLY_ACTIVE_ARCH = YES;
				OTHER_CPLUSPLUSFLAGS = (
					"-D__MACOSX_CORE__",
					"-mtune=native",
				);
				SDKROOT = macosx;
			};
			name = Debug;
		};
		E4B69B4F0A3A1720003C02F2 /* Release */ = {
			isa = XCBuildConfiguration;
			baseConfigurationReference = E4EB6923138AFD0F00A09F29 /* Project.xcconfig */;
			buildSettings = {
				CONFIGURATION_BUILD_DIR = "$(SRCROOT)/bin/";
				COPY_PHASE_STRIP = YES;
				DEAD_CODE_STRIPPING = YES;
				GCC_AUTO_VECTORIZATION = YES;
				GCC_ENABLE_SSE3_EXTENSIONS = YES;
				GCC_ENABLE_SUPPLEMENTAL_SSE3_INSTRUCTIONS = YES;
				GCC_INLINES_ARE_PRIVATE_EXTERN = NO;
				GCC_OPTIMIZATION_LEVEL = 3;
				GCC_SYMBOLS_PRIVATE_EXTERN = NO;
				GCC_UNROLL_LOOPS = YES;
				GCC_WARN_ABOUT_DEPRECATED_FUNCTIONS = YES;
				GCC_WARN_ABOUT_INVALID_OFFSETOF_MACRO = NO;
				GCC_WARN_ALLOW_INCOMPLETE_PROTOCOL = NO;
				GCC_WARN_UNINITIALIZED_AUTOS = NO;
				GCC_WARN_UNUSED_VALUE = NO;
				GCC_WARN_UNUSED_VARIABLE = NO;
				HEADER_SEARCH_PATHS = (
					"$(OF_CORE_HEADERS)",
					src,
				);
				MACOSX_DEPLOYMENT_TARGET = 10.8;
				OTHER_CPLUSPLUSFLAGS = (
					"-D__MACOSX_CORE__",
					"-mtune=native",
				);
				SDKROOT = macosx;
			};
			name = Release;
		};
		E4B69B600A3A1757003C02F2 /* Debug */ = {
			isa = XCBuildConfiguration;
			baseConfigurationReference = E4EB6923138AFD0F00A09F29 /* Project.xcconfig */;
			buildSettings = {
				COMBINE_HIDPI_IMAGES = YES;
				COPY_PHASE_STRIP = NO;
				FRAMEWORK_SEARCH_PATHS = (
					"$(inherited)",
					"$(FRAMEWORK_SEARCH_PATHS_QUOTED_FOR_TARGET_1)",
					"\"$(SRCROOT)/../../../addons/ofxSyphon/libs/Syphon/lib/osx\"",
				);
				FRAMEWORK_SEARCH_PATHS_QUOTED_FOR_TARGET_1 = "\"$(SRCROOT)/../../../libs/glut/lib/osx\"";
				GCC_DYNAMIC_NO_PIC = NO;
				GCC_GENERATE_DEBUGGING_SYMBOLS = YES;
				GCC_MODEL_TUNING = NONE;
				HEADER_SEARCH_PATHS = (
					"$(OF_CORE_HEADERS)",
					src,
				);
				ICON = "$(ICON_NAME_DEBUG)";
				ICON_FILE = "$(ICON_FILE_PATH)$(ICON)";
				INFOPLIST_FILE = "openFrameworks-Info.plist";
				INSTALL_PATH = "$(HOME)/Applications";
				LIBRARY_SEARCH_PATHS = "$(inherited)";
				PRODUCT_NAME = "$(TARGET_NAME)Debug";
				USER_HEADER_SEARCH_PATHS = ../../../addons/ofxOsc/libs/oscpack/src/;
				WRAPPER_EXTENSION = app;
			};
			name = Debug;
		};
		E4B69B610A3A1757003C02F2 /* Release */ = {
			isa = XCBuildConfiguration;
			baseConfigurationReference = E4EB6923138AFD0F00A09F29 /* Project.xcconfig */;
			buildSettings = {
				COMBINE_HIDPI_IMAGES = YES;
				COPY_PHASE_STRIP = YES;
				FRAMEWORK_SEARCH_PATHS = (
					"$(inherited)",
					"$(FRAMEWORK_SEARCH_PATHS_QUOTED_FOR_TARGET_1)",
					"\"$(SRCROOT)/../../../addons/ofxSyphon/libs/Syphon/lib/osx\"",
				);
				FRAMEWORK_SEARCH_PATHS_QUOTED_FOR_TARGET_1 = "\"$(SRCROOT)/../../../libs/glut/lib/osx\"";
				GCC_GENERATE_DEBUGGING_SYMBOLS = YES;
				GCC_MODEL_TUNING = NONE;
				HEADER_SEARCH_PATHS = (
					"$(OF_CORE_HEADERS)",
					src,
				);
				ICON = "$(ICON_NAME_RELEASE)";
				ICON_FILE = "$(ICON_FILE_PATH)$(ICON)";
				INFOPLIST_FILE = "openFrameworks-Info.plist";
				INSTALL_PATH = "$(HOME)/Applications";
				LIBRARY_SEARCH_PATHS = "$(inherited)";
				PRODUCT_NAME = "$(TARGET_NAME)";
				USER_HEADER_SEARCH_PATHS = ../../../addons/ofxOsc/libs/oscpack/src/;
				WRAPPER_EXTENSION = app;
				baseConfigurationReference = E4EB6923138AFD0F00A09F29;
			};
			name = Release;
		};
/* End XCBuildConfiguration section */

/* Begin XCConfigurationList section */
		E4B69B4D0A3A1720003C02F2 /* Build configuration list for PBXProject "GenerativeVisuals" */ = {
			isa = XCConfigurationList;
			buildConfigurations = (
				E4B69B4E0A3A1720003C02F2 /* Debug */,
				E4B69B4F0A3A1720003C02F2 /* Release */,
			);
			defaultConfigurationIsVisible = 0;
			defaultConfigurationName = Release;
		};
		E4B69B5F0A3A1757003C02F2 /* Build configuration list for PBXNativeTarget "GenerativeVisuals" */ = {
			isa = XCConfigurationList;
			buildConfigurations = (
				E4B69B600A3A1757003C02F2 /* Debug */,
				E4B69B610A3A1757003C02F2 /* Release */,
			);
			defaultConfigurationIsVisible = 0;
			defaultConfigurationName = Release;
		};
/* End XCConfigurationList section */
	};
	rootObject = E4B69B4C0A3A1720003C02F2 /* Project object */;
}
